
Microsoft Visual Studio Solution File, Format Version 12.00
# Visual Studio Version 17
VisualStudioVersion = 17.7.34031.279
MinimumVisualStudioVersion = 10.0.40219.1
Project("{FAE04EC0-301F-11D3-BF4B-00C04F79EFBC}") = "AppiumSummatorMobileTests", "AppiumSummatorMobileTests\AppiumSummatorMobileTests.csproj", "{DEEFA5D8-A49E-4923-88FB-37E94CF9E684}"
EndProject
Global
	GlobalSection(SolutionConfigurationPlatforms) = preSolution
		Debug|Any CPU = Debug|Any CPU
		Release|Any CPU = Release|Any CPU
	EndGlobalSection
	GlobalSection(ProjectConfigurationPlatforms) = postSolution
		{DEEFA5D8-A49E-4923-88FB-37E94CF9E684}.Debug|Any CPU.ActiveCfg = Debug|Any CPU
		{DEEFA5D8-A49E-4923-88FB-37E94CF9E684}.Debug|Any CPU.Build.0 = Debug|Any CPU
		{DEEFA5D8-A49E-4923-88FB-37E94CF9E684}.Release|Any CPU.ActiveCfg = Release|Any CPU
		{DEEFA5D8-A49E-4923-88FB-37E94CF9E684}.Release|Any CPU.Build.0 = Release|Any CPU
	EndGlobalSection
	GlobalSection(SolutionProperties) = preSolution
		HideSolutionNode = FALSE
	EndGlobalSection
	GlobalSection(ExtensibilityGlobals) = postSolution
		SolutionGuid = {22852EBF-AFD7-4E6F-8DC3-64828F866380}
	EndGlobalSection
EndGlobal
